{
  "version": 1,
  "dependencies": {
    ".NETStandard,Version=v2.0": {
      "DotNet.ReproducibleBuilds": {
        "type": "Direct",
        "requested": "[2.0.5, )",
        "resolved": "2.0.5",
        "contentHash": "8LrlvI1KpjjJ4VGSqZ16yoOCKlQnYS+Y8rYNifNrscmVh5anJcF9E4e0NiDP30BHBMUbkoJ5KdcxoRWM7Pz9Aw=="
      },
      "Nerdbank.GitVersioning": {
        "type": "Direct",
        "requested": "[3.10.94, )",
        "resolved": "3.10.94",
        "contentHash": "sn6gFIx6bwFj3Me0XGmek3gLZi/MZC8C4tRLwslXGeBcXcVxvFpZyDrQA93G8TiYgxTS7J7triKB7hj5wXzSxA=="
      }
    }
  }
}