
Microsoft Visual Studio Solution File, Format Version 12.00
# Visual Studio Version 17
VisualStudioVersion = 17.0.31903.59
MinimumVisualStudioVersion = 10.0.40219.1
Project("{2150E333-8FDC-42A3-9474-1A3956D46DE8}") = ".root", ".root", "{7C1798BB-D304-45E9-9915-8337B40538C2}"
	ProjectSection(SolutionItems) = preProject
		.editorconfig = .editorconfig
		.gitignore = .gitignore
		global.json = global.json
		README.md = README.md
		version.json = version.json
		Directory.Build.props = Directory.Build.props
	EndProjectSection
EndProject
Project("{2150E333-8FDC-42A3-9474-1A3956D46DE8}") = "src", "src", "{E0D957DD-D4A0-4E7A-B250-2C9B49E4D6C1}"
EndProject
Project("{2150E333-8FDC-42A3-9474-1A3956D46DE8}") = "tests", "tests", "{5ABA8187-7892-4E28-8605-7BCD1D84FF27}"
EndProject
Project("{FAE04EC0-301F-11D3-BF4B-00C04F79EFBC}") = "T4CodeWriter.Sources", "src\T4CodeWriter.Sources\T4CodeWriter.Sources.csproj", "{6719B1B1-12BF-4447-A6E5-7D67D0347DF2}"
EndProject
Project("{FAE04EC0-301F-11D3-BF4B-00C04F79EFBC}") = "T4CodeWriter.Tests", "tests\T4CodeWriter.Tests\T4CodeWriter.Tests.csproj", "{C3CE0223-A0BE-4C91-8F1F-3FE3CD8FFEB8}"
EndProject
Project("{FAE04EC0-301F-11D3-BF4B-00C04F79EFBC}") = "T4CodeWriter", "src\T4CodeWriter\T4CodeWriter.csproj", "{4B3EC2AC-7013-4892-93EC-DA4C13447D11}"
EndProject
Project("{FAE04EC0-301F-11D3-BF4B-00C04F79EFBC}") = "T4Template", "src\T4Template\T4Template.csproj", "{50281ABA-C50D-4FE9-B994-B3210FF9F583}"
EndProject
Global
	GlobalSection(SolutionConfigurationPlatforms) = preSolution
		Debug|Any CPU = Debug|Any CPU
		Release|Any CPU = Release|Any CPU
	EndGlobalSection
	GlobalSection(SolutionProperties) = preSolution
		HideSolutionNode = FALSE
	EndGlobalSection
	GlobalSection(NestedProjects) = preSolution
		{6719B1B1-12BF-4447-A6E5-7D67D0347DF2} = {E0D957DD-D4A0-4E7A-B250-2C9B49E4D6C1}
		{C3CE0223-A0BE-4C91-8F1F-3FE3CD8FFEB8} = {5ABA8187-7892-4E28-8605-7BCD1D84FF27}
		{4B3EC2AC-7013-4892-93EC-DA4C13447D11} = {E0D957DD-D4A0-4E7A-B250-2C9B49E4D6C1}
		{50281ABA-C50D-4FE9-B994-B3210FF9F583} = {E0D957DD-D4A0-4E7A-B250-2C9B49E4D6C1}
	EndGlobalSection
	GlobalSection(ProjectConfigurationPlatforms) = postSolution
		{6719B1B1-12BF-4447-A6E5-7D67D0347DF2}.Debug|Any CPU.ActiveCfg = Debug|Any CPU
		{6719B1B1-12BF-4447-A6E5-7D67D0347DF2}.Debug|Any CPU.Build.0 = Debug|Any CPU
		{6719B1B1-12BF-4447-A6E5-7D67D0347DF2}.Release|Any CPU.ActiveCfg = Release|Any CPU
		{6719B1B1-12BF-4447-A6E5-7D67D0347DF2}.Release|Any CPU.Build.0 = Release|Any CPU
		{C3CE0223-A0BE-4C91-8F1F-3FE3CD8FFEB8}.Debug|Any CPU.ActiveCfg = Debug|Any CPU
		{C3CE0223-A0BE-4C91-8F1F-3FE3CD8FFEB8}.Debug|Any CPU.Build.0 = Debug|Any CPU
		{C3CE0223-A0BE-4C91-8F1F-3FE3CD8FFEB8}.Release|Any CPU.ActiveCfg = Release|Any CPU
		{C3CE0223-A0BE-4C91-8F1F-3FE3CD8FFEB8}.Release|Any CPU.Build.0 = Release|Any CPU
		{4B3EC2AC-7013-4892-93EC-DA4C13447D11}.Debug|Any CPU.ActiveCfg = Debug|Any CPU
		{4B3EC2AC-7013-4892-93EC-DA4C13447D11}.Debug|Any CPU.Build.0 = Debug|Any CPU
		{4B3EC2AC-7013-4892-93EC-DA4C13447D11}.Release|Any CPU.ActiveCfg = Release|Any CPU
		{4B3EC2AC-7013-4892-93EC-DA4C13447D11}.Release|Any CPU.Build.0 = Release|Any CPU
		{50281ABA-C50D-4FE9-B994-B3210FF9F583}.Debug|Any CPU.ActiveCfg = Debug|Any CPU
		{50281ABA-C50D-4FE9-B994-B3210FF9F583}.Debug|Any CPU.Build.0 = Debug|Any CPU
		{50281ABA-C50D-4FE9-B994-B3210FF9F583}.Release|Any CPU.ActiveCfg = Release|Any CPU
		{50281ABA-C50D-4FE9-B994-B3210FF9F583}.Release|Any CPU.Build.0 = Release|Any CPU
	EndGlobalSection
EndGlobal
